
Microsoft Visual Studio Solution File, Format Version 12.00
# Visual Studio Version 17
VisualStudioVersion = 17.6.33723.286
MinimumVisualStudioVersion = 10.0.40219.1
Project("{2150E333-8FDC-42A3-9474-1A3956D46DE8}") = "Services", "Services", "{DC00AC01-4A23-40D7-B9E0-E0092758D8C0}"
EndProject
Project("{2150E333-8FDC-42A3-9474-1A3956D46DE8}") = "Catalog", "Catalog", "{7B36DDE9-BB1C-48E0-9F62-110C19CEB054}"
EndProject
Project("{9A19103F-16F7-4668-BE54-9A1E7A4F7556}") = "Catalog.API", "Services\Catalog\Catalog.API\Catalog.API.csproj", "{97C8F6C5-7220-4D65-8D76-E6656B08BC0F}"
EndProject
Project("{E53339B2-1760-4266-BCC7-CA923CBCF16C}") = "docker-compose", "docker-compose.dcproj", "{FF7730F5-6EAA-4D22-AA0F-F5B20177C5FE}"
EndProject
Project("{2150E333-8FDC-42A3-9474-1A3956D46DE8}") = "Basket", "Basket", "{C534E8C5-F837-4715-82F2-674C16C5F5BC}"
EndProject
Project("{9A19103F-16F7-4668-BE54-9A1E7A4F7556}") = "Basket.API", "Services\Basket\Basket.API\Basket.API.csproj", "{FD09F889-EE77-4589-A8AF-F2EFCB571FCA}"
EndProject
Project("{2150E333-8FDC-42A3-9474-1A3956D46DE8}") = "Discount", "Discount", "{F77A0B6D-E30D-4F08-AEDC-703ED687F559}"
EndProject
Project("{9A19103F-16F7-4668-BE54-9A1E7A4F7556}") = "Discount.API", "Services\Discount\Discount.API\Discount.API.csproj", "{4CEE6744-2FEE-46C6-AF53-BBA5F8CAD1CF}"
EndProject
Project("{9A19103F-16F7-4668-BE54-9A1E7A4F7556}") = "Discount.GRPC", "Services\Discount\Discount.GRPC\Discount.GRPC.csproj", "{412250BD-FDEF-4B40-8651-47C5163AF2DB}"
EndProject
Project("{2150E333-8FDC-42A3-9474-1A3956D46DE8}") = "Ordering", "Ordering", "{9CC812FF-B213-4056-870F-09BC22A0415E}"
EndProject
Project("{9A19103F-16F7-4668-BE54-9A1E7A4F7556}") = "Ordering.API", "Services\Ordering\Ordering.API\Ordering.API.csproj", "{5D996005-86DE-4B10-8990-1315356D1DB1}"
EndProject
Project("{9A19103F-16F7-4668-BE54-9A1E7A4F7556}") = "Ordering.Domain", "Services\Ordering\Ordering.Domain\Ordering.Domain.csproj", "{82A2F097-055A-4962-A64E-6DF42847CA99}"
EndProject
Project("{9A19103F-16F7-4668-BE54-9A1E7A4F7556}") = "Ordering.Application", "Services\Ordering\Ordering.Application\Ordering.Application.csproj", "{1CACD3B7-7FC3-4BC9-BCEC-45857E990EE7}"
EndProject
Project("{9A19103F-16F7-4668-BE54-9A1E7A4F7556}") = "Ordering.Infrastructure", "Services\Ordering\Ordering.Infrastructure\Ordering.Infrastructure.csproj", "{65040008-A004-4156-8C5D-86546C6E4E4E}"
EndProject
Project("{2150E333-8FDC-42A3-9474-1A3956D46DE8}") = "BuildingBlocks", "BuildingBlocks", "{B1BB7333-B8AE-4842-996E-08249DE3C243}"
EndProject
Project("{9A19103F-16F7-4668-BE54-9A1E7A4F7556}") = "EventBus.Messages", "BuildingBlocks\EventBus.Messages\EventBus.Messages.csproj", "{C475FBE3-24B1-4064-BD35-A250516D2628}"
EndProject
Project("{2150E333-8FDC-42A3-9474-1A3956D46DE8}") = "APIGateways", "APIGateways", "{2E525CBC-D9F5-4426-8713-0A0677564E3D}"
EndProject
Project("{9A19103F-16F7-4668-BE54-9A1E7A4F7556}") = "OcelotApiGw", "APIGateways\OcelotApiGw\OcelotApiGw.csproj", "{9293F814-1BDD-40E3-9468-9332689B6D91}"
EndProject
Project("{9A19103F-16F7-4668-BE54-9A1E7A4F7556}") = "Shopping.Aggregator", "APIGateways\Shopping.Aggregator\Shopping.Aggregator.csproj", "{15DC802E-EABC-4F40-BB5A-C0A358F6DC2E}"
EndProject
Project("{2150E333-8FDC-42A3-9474-1A3956D46DE8}") = "WebApps", "WebApps", "{0335FF81-D63E-4DE6-A4DF-AA73239F49A6}"
EndProject
Project("{9A19103F-16F7-4668-BE54-9A1E7A4F7556}") = "AspnetRunBasics", "WebApps\AspnetRunBasics\AspnetRunBasics.csproj", "{B4511861-B98E-4F53-B59B-26C3B673B253}"
EndProject
Project("{9A19103F-16F7-4668-BE54-9A1E7A4F7556}") = "Common.Logging", "BuildingBlocks\Common.Logging\Common.Logging.csproj", "{44BAB656-7DE9-4D01-A800-F60065A91CE7}"
EndProject
Project("{2150E333-8FDC-42A3-9474-1A3956D46DE8}") = "IdentityProvider", "IdentityProvider", "{D54C2E21-7632-49EB-90D0-A99276B874A5}"
EndProject
Project("{2150E333-8FDC-42A3-9474-1A3956D46DE8}") = "Client", "Client", "{2CDFA100-CD46-4507-9FF3-662AA1528749}"
EndProject
Project("{FAE04EC0-301F-11D3-BF4B-00C04F79EFBC}") = "IdentityServer", "IdentityProvider\IdentityServer\IdentityServer.csproj", "{8C333D9F-4A11-4150-A48B-9CB184BF5809}"
EndProject
Global
	GlobalSection(SolutionConfigurationPlatforms) = preSolution
		Debug|Any CPU = Debug|Any CPU
		Release|Any CPU = Release|Any CPU
	EndGlobalSection
	GlobalSection(ProjectConfigurationPlatforms) = postSolution
		{97C8F6C5-7220-4D65-8D76-E6656B08BC0F}.Debug|Any CPU.ActiveCfg = Debug|Any CPU
		{97C8F6C5-7220-4D65-8D76-E6656B08BC0F}.Debug|Any CPU.Build.0 = Debug|Any CPU
		{97C8F6C5-7220-4D65-8D76-E6656B08BC0F}.Release|Any CPU.ActiveCfg = Release|Any CPU
		{97C8F6C5-7220-4D65-8D76-E6656B08BC0F}.Release|Any CPU.Build.0 = Release|Any CPU
		{FF7730F5-6EAA-4D22-AA0F-F5B20177C5FE}.Debug|Any CPU.ActiveCfg = Debug|Any CPU
		{FF7730F5-6EAA-4D22-AA0F-F5B20177C5FE}.Debug|Any CPU.Build.0 = Debug|Any CPU
		{FF7730F5-6EAA-4D22-AA0F-F5B20177C5FE}.Release|Any CPU.ActiveCfg = Release|Any CPU
		{FF7730F5-6EAA-4D22-AA0F-F5B20177C5FE}.Release|Any CPU.Build.0 = Release|Any CPU
		{FD09F889-EE77-4589-A8AF-F2EFCB571FCA}.Debug|Any CPU.ActiveCfg = Debug|Any CPU
		{FD09F889-EE77-4589-A8AF-F2EFCB571FCA}.Debug|Any CPU.Build.0 = Debug|Any CPU
		{FD09F889-EE77-4589-A8AF-F2EFCB571FCA}.Release|Any CPU.ActiveCfg = Release|Any CPU
		{FD09F889-EE77-4589-A8AF-F2EFCB571FCA}.Release|Any CPU.Build.0 = Release|Any CPU
		{4CEE6744-2FEE-46C6-AF53-BBA5F8CAD1CF}.Debug|Any CPU.ActiveCfg = Debug|Any CPU
		{4CEE6744-2FEE-46C6-AF53-BBA5F8CAD1CF}.Debug|Any CPU.Build.0 = Debug|Any CPU
		{4CEE6744-2FEE-46C6-AF53-BBA5F8CAD1CF}.Release|Any CPU.ActiveCfg = Release|Any CPU
		{4CEE6744-2FEE-46C6-AF53-BBA5F8CAD1CF}.Release|Any CPU.Build.0 = Release|Any CPU
		{412250BD-FDEF-4B40-8651-47C5163AF2DB}.Debug|Any CPU.ActiveCfg = Debug|Any CPU
		{412250BD-FDEF-4B40-8651-47C5163AF2DB}.Debug|Any CPU.Build.0 = Debug|Any CPU
		{412250BD-FDEF-4B40-8651-47C5163AF2DB}.Release|Any CPU.ActiveCfg = Release|Any CPU
		{412250BD-FDEF-4B40-8651-47C5163AF2DB}.Release|Any CPU.Build.0 = Release|Any CPU
		{5D996005-86DE-4B10-8990-1315356D1DB1}.Debug|Any CPU.ActiveCfg = Debug|Any CPU
		{5D996005-86DE-4B10-8990-1315356D1DB1}.Debug|Any CPU.Build.0 = Debug|Any CPU
		{5D996005-86DE-4B10-8990-1315356D1DB1}.Release|Any CPU.ActiveCfg = Release|Any CPU
		{5D996005-86DE-4B10-8990-1315356D1DB1}.Release|Any CPU.Build.0 = Release|Any CPU
		{82A2F097-055A-4962-A64E-6DF42847CA99}.Debug|Any CPU.ActiveCfg = Debug|Any CPU
		{82A2F097-055A-4962-A64E-6DF42847CA99}.Debug|Any CPU.Build.0 = Debug|Any CPU
		{82A2F097-055A-4962-A64E-6DF42847CA99}.Release|Any CPU.ActiveCfg = Release|Any CPU
		{82A2F097-055A-4962-A64E-6DF42847CA99}.Release|Any CPU.Build.0 = Release|Any CPU
		{1CACD3B7-7FC3-4BC9-BCEC-45857E990EE7}.Debug|Any CPU.ActiveCfg = Debug|Any CPU
		{1CACD3B7-7FC3-4BC9-BCEC-45857E990EE7}.Debug|Any CPU.Build.0 = Debug|Any CPU
		{1CACD3B7-7FC3-4BC9-BCEC-45857E990EE7}.Release|Any CPU.ActiveCfg = Release|Any CPU
		{1CACD3B7-7FC3-4BC9-BCEC-45857E990EE7}.Release|Any CPU.Build.0 = Release|Any CPU
		{65040008-A004-4156-8C5D-86546C6E4E4E}.Debug|Any CPU.ActiveCfg = Debug|Any CPU
		{65040008-A004-4156-8C5D-86546C6E4E4E}.Debug|Any CPU.Build.0 = Debug|Any CPU
		{65040008-A004-4156-8C5D-86546C6E4E4E}.Release|Any CPU.ActiveCfg = Release|Any CPU
		{65040008-A004-4156-8C5D-86546C6E4E4E}.Release|Any CPU.Build.0 = Release|Any CPU
		{C475FBE3-24B1-4064-BD35-A250516D2628}.Debug|Any CPU.ActiveCfg = Debug|Any CPU
		{C475FBE3-24B1-4064-BD35-A250516D2628}.Debug|Any CPU.Build.0 = Debug|Any CPU
		{C475FBE3-24B1-4064-BD35-A250516D2628}.Release|Any CPU.ActiveCfg = Release|Any CPU
		{C475FBE3-24B1-4064-BD35-A250516D2628}.Release|Any CPU.Build.0 = Release|Any CPU
		{9293F814-1BDD-40E3-9468-9332689B6D91}.Debug|Any CPU.ActiveCfg = Debug|Any CPU
		{9293F814-1BDD-40E3-9468-9332689B6D91}.Debug|Any CPU.Build.0 = Debug|Any CPU
		{9293F814-1BDD-40E3-9468-9332689B6D91}.Release|Any CPU.ActiveCfg = Release|Any CPU
		{9293F814-1BDD-40E3-9468-9332689B6D91}.Release|Any CPU.Build.0 = Release|Any CPU
		{15DC802E-EABC-4F40-BB5A-C0A358F6DC2E}.Debug|Any CPU.ActiveCfg = Debug|Any CPU
		{15DC802E-EABC-4F40-BB5A-C0A358F6DC2E}.Debug|Any CPU.Build.0 = Debug|Any CPU
		{15DC802E-EABC-4F40-BB5A-C0A358F6DC2E}.Release|Any CPU.ActiveCfg = Release|Any CPU
		{15DC802E-EABC-4F40-BB5A-C0A358F6DC2E}.Release|Any CPU.Build.0 = Release|Any CPU
		{B4511861-B98E-4F53-B59B-26C3B673B253}.Debug|Any CPU.ActiveCfg = Debug|Any CPU
		{B4511861-B98E-4F53-B59B-26C3B673B253}.Debug|Any CPU.Build.0 = Debug|Any CPU
		{B4511861-B98E-4F53-B59B-26C3B673B253}.Release|Any CPU.ActiveCfg = Release|Any CPU
		{B4511861-B98E-4F53-B59B-26C3B673B253}.Release|Any CPU.Build.0 = Release|Any CPU
		{44BAB656-7DE9-4D01-A800-F60065A91CE7}.Debug|Any CPU.ActiveCfg = Debug|Any CPU
		{44BAB656-7DE9-4D01-A800-F60065A91CE7}.Debug|Any CPU.Build.0 = Debug|Any CPU
		{44BAB656-7DE9-4D01-A800-F60065A91CE7}.Release|Any CPU.ActiveCfg = Release|Any CPU
		{44BAB656-7DE9-4D01-A800-F60065A91CE7}.Release|Any CPU.Build.0 = Release|Any CPU
		{8C333D9F-4A11-4150-A48B-9CB184BF5809}.Debug|Any CPU.ActiveCfg = Debug|Any CPU
		{8C333D9F-4A11-4150-A48B-9CB184BF5809}.Debug|Any CPU.Build.0 = Debug|Any CPU
		{8C333D9F-4A11-4150-A48B-9CB184BF5809}.Release|Any CPU.ActiveCfg = Release|Any CPU
		{8C333D9F-4A11-4150-A48B-9CB184BF5809}.Release|Any CPU.Build.0 = Release|Any CPU
	EndGlobalSection
	GlobalSection(SolutionProperties) = preSolution
		HideSolutionNode = FALSE
	EndGlobalSection
	GlobalSection(NestedProjects) = preSolution
		{7B36DDE9-BB1C-48E0-9F62-110C19CEB054} = {DC00AC01-4A23-40D7-B9E0-E0092758D8C0}
		{97C8F6C5-7220-4D65-8D76-E6656B08BC0F} = {7B36DDE9-BB1C-48E0-9F62-110C19CEB054}
		{C534E8C5-F837-4715-82F2-674C16C5F5BC} = {DC00AC01-4A23-40D7-B9E0-E0092758D8C0}
		{FD09F889-EE77-4589-A8AF-F2EFCB571FCA} = {C534E8C5-F837-4715-82F2-674C16C5F5BC}
		{F77A0B6D-E30D-4F08-AEDC-703ED687F559} = {DC00AC01-4A23-40D7-B9E0-E0092758D8C0}
		{4CEE6744-2FEE-46C6-AF53-BBA5F8CAD1CF} = {F77A0B6D-E30D-4F08-AEDC-703ED687F559}
		{412250BD-FDEF-4B40-8651-47C5163AF2DB} = {F77A0B6D-E30D-4F08-AEDC-703ED687F559}
		{9CC812FF-B213-4056-870F-09BC22A0415E} = {DC00AC01-4A23-40D7-B9E0-E0092758D8C0}
		{5D996005-86DE-4B10-8990-1315356D1DB1} = {9CC812FF-B213-4056-870F-09BC22A0415E}
		{82A2F097-055A-4962-A64E-6DF42847CA99} = {9CC812FF-B213-4056-870F-09BC22A0415E}
		{1CACD3B7-7FC3-4BC9-BCEC-45857E990EE7} = {9CC812FF-B213-4056-870F-09BC22A0415E}
		{65040008-A004-4156-8C5D-86546C6E4E4E} = {9CC812FF-B213-4056-870F-09BC22A0415E}
		{C475FBE3-24B1-4064-BD35-A250516D2628} = {B1BB7333-B8AE-4842-996E-08249DE3C243}
		{9293F814-1BDD-40E3-9468-9332689B6D91} = {2E525CBC-D9F5-4426-8713-0A0677564E3D}
		{15DC802E-EABC-4F40-BB5A-C0A358F6DC2E} = {2E525CBC-D9F5-4426-8713-0A0677564E3D}
		{B4511861-B98E-4F53-B59B-26C3B673B253} = {0335FF81-D63E-4DE6-A4DF-AA73239F49A6}
		{44BAB656-7DE9-4D01-A800-F60065A91CE7} = {B1BB7333-B8AE-4842-996E-08249DE3C243}
		{8C333D9F-4A11-4150-A48B-9CB184BF5809} = {D54C2E21-7632-49EB-90D0-A99276B874A5}
	EndGlobalSection
	GlobalSection(ExtensibilityGlobals) = postSolution
		SolutionGuid = {47F47253-1EA6-4428-81AB-7FBE0F0566F0}
	EndGlobalSection
EndGlobal
